# kit.lock — digests of the one vendored surface.
#
# XeLaTeX cannot read a Hugo module, so these files live in the course
# repo. That makes them the only place drift can happen, which is why
# they are hashed: a one-byte edit to a vendored .sty fails the next
# `kit check`.
# tier: core

672750e30fc5a75d98ef70e85e13cf9a0c7d950ce278e40825ed8fc3bc82d40f  assets/boulingua-logo.png
0f84dcb6098f1538e8360577024f2a9deb45cb79cda848cb8905a12b90b0d1aa  beamerthemeboulingua.sty
d38a4b03197f3df3106788048759212c7934b9410971dbc498ef93743e93fa49  boulingua-eqs.sty
6ce5db5d47ddbaa5b7352e60894aaddcd94e745ba413a7c945002ad7f7e1a884  boulingua-sheet.sty
fef567565aed6e6fb5d88777e579a3ef02c3c583a3befe1f63528a39ddc3064b  boulingua-tokens.sty
175a0a4d64e80a6932ff0235d8c73e46c7a64640455dd46c4e701f16167c18a7  brand/icons/afl.pdf
79c6b7cf95f2a2d52d5eeeae3aae6129f4f1c07e6506e55f2e2f0706888a989e  brand/icons/cfl.pdf
d1b011205a6cf2b48a03e8b9aa651544441de1c35dd49c644e542a825722d706  brand/icons/daf.pdf
f4e1c32b7933a86c7726245a195e7d640dc9ae800f69cc9a7d5bc6e2f1f30b95  brand/icons/efl.pdf
59632d7fa3075cb8b36afa30f8eb19fb6a2cae7f1ef37983c2b3dc7456c513e2  brand/icons/ele.pdf
0b20a0f3f2f4eebe4a487ca660f0453efec4e5dd2f31d53af1ad99e3e5205bc5  brand/icons/fle.pdf
4ce06b10761587ebc8a3d0578a65897c5643efde2ccdff9f34f05131ec29546d  brand/icons/gfl.pdf
92d225bd32224c12945c5bee08e5f911a3bd147e27f0100b5437576758d658ad  brand/icons/ils.pdf
d9e4e38b2646ded50692f26fff8c608902ab8da451f2c76ff1e7c29cb08b6992  brand/icons/jfl.pdf
b59d5a65e992ef50c1096fbacdab12e9c2cb1b9688418e0bde5b9a487e90873b  brand/icons/lle.pdf
b0d3f19a7d4d0184344eedd092108643541ddfab06037a6c80c31a8d8a64a98c  brand/icons/nsf.pdf
585cd9e69710c4f2dde8fa5fb32190c66794959542cc4bc33858ca0cba8f182f  brand/icons/nvt.pdf
9c3992aa08c477250042feb1ae0d1808ee7808d889c94dc52dcc394449e6cb1b  brand/icons/pfa.pdf
5614a6a35e511d194bbea1b3dc0f992cc2d1a6fc8f26dbd4c89873cd179aa144  brand/icons/pfl.pdf
b30a28320b0da53366e8a641d00f106a57ae80962bc5181633d8b9f223e391bb  brand/icons/ple.pdf
14f2c7f73aa1f3b469c9fa72354006915f081a25480cd71126f49c063b4766ec  brand/icons/rki.pdf
f65fde3e99c32dbbcd8cfc1a8b100795092f587856e2e9a44c57e3e97531d1cc  brand/icons/template.pdf
9edbfec6e3d25fb9fab2c1397cef5d2642cc92f7cb64b4e83c4ddc6ef3e00a54  brand/icons/tfl.pdf
bd7eacace7fa25a07e70fd9aa31501bd27b123135536dedd711d6f2aabc9dd56  brand/icons/ufl.pdf
5590990c82e097397517f275f430af4546e1c45cff408bde4255dad142479dcb  fonts/JetBrainsMono-Bold.ttf
a0bf60ef0f83c5ed4d7a75d45838548b1f6873372dfac88f71804491898d138f  fonts/JetBrainsMono-Regular.ttf
38d4690a8ea86436312da76ea3f14030a1e36026008a8c3d278a57600ca33a87  fonts/PermanentMarker-Regular.ttf
7776ddb9f3eb58683e59f28d558d8896b768c2d0c80799fb3f1c56c54dfd98c9  fonts/SourceSans3-Bold.otf
05e97d9adc01059607e97b167a68afb25680db904db7aba831dc2510f14b6515  fonts/SourceSans3-BoldIt.otf
430b9f0eb1170be0981706d14b6cf87122efba9d86c373bbdf69daf276421462  fonts/SourceSans3-It.otf
08df266400933d3178d081a45f94a08814c3e55b4b7dd2e0ff69cb1329f13ab6  fonts/SourceSans3-Regular.otf
36f1cd2c344aa3109e64429bce41a41e4b2b923beb2db19b8dbf9bb56f05a4f9  fonts/SourceSans3-Semibold.otf
81204ed282543df2d93db214c98b5ec1c9ce735c4c82e4323d5ae5ee69c6b8b7  fonts/SourceSans3-SemiboldIt.otf
